// !$*UTF8*$!
{
	archiveVersion = 1;
	classes = {
	};
	objectVersion = 46;
	objects = {

/* Begin PBXBuildFile section */
		2316DFD51DE4F0B9004CEF57 /* pause.jpe in Resources */ = {isa = PBXBuildFile; fileRef = 2316DFD31DE4F0B9004CEF57 /* pause.jpe */; };
		2316DFD61DE4F0B9004CEF57 /* play.png in Resources */ = {isa = PBXBuildFile; fileRef = 2316DFD41DE4F0B9004CEF57 /* play.png */; };
		2316DFD81DE61C5B004CEF57 /* cartoonsky1.png in Resources */ = {isa = PBXBuildFile; fileRef = 2316DFD71DE61C5B004CEF57 /* cartoonsky1.png */; };
		2316DFDA1DE76833004CEF57 /* x2-logo.png in Resources */ = {isa = PBXBuildFile; fileRef = 2316DFD91DE76833004CEF57 /* x2-logo.png */; };
		2316DFDC1DE8B99F004CEF57 /* bomb.png in Resources */ = {isa = PBXBuildFile; fileRef = 2316DFDB1DE8B99F004CEF57 /* bomb.png */; };
		233FA8C71CE8DC1E00095FDA /* cartoon flower.png in Resources */ = {isa = PBXBuildFile; fileRef = 233FA8C61CE8DC1E00095FDA /* cartoon flower.png */; };
		233FA8C91CE8DC2300095FDA /* player_play (1).png in Resources */ = {isa = PBXBuildFile; fileRef = 233FA8C81CE8DC2300095FDA /* player_play (1).png */; };
		233FA8CB1CE8E24E00095FDA /* GamePlayScene.swift in Sources */ = {isa = PBXBuildFile; fileRef = 233FA8CA1CE8E24E00095FDA /* GamePlayScene.swift */; };
		238C1DAD1C4C373800019101 /* wuterdrip.png in Resources */ = {isa = PBXBuildFile; fileRef = 238C1DAC1C4C373800019101 /* wuterdrip.png */; };
		23A1420E1C34594F000BDCC4 /* PERSON1.png in Resources */ = {isa = PBXBuildFile; fileRef = 23A1420C1C34594F000BDCC4 /* PERSON1.png */; };
		23B48A3F1C83736E00A1AD71 /* EndScene.swift in Sources */ = {isa = PBXBuildFile; fileRef = 23B48A3E1C83736E00A1AD71 /* EndScene.swift */; };
		23B48A461C837C4200A1AD71 /* RainParticle.sks in Resources */ = {isa = PBXBuildFile; fileRef = 23B48A441C837C4200A1AD71 /* RainParticle.sks */; };
		23B48A471C837C4200A1AD71 /* spark.png in Resources */ = {isa = PBXBuildFile; fileRef = 23B48A451C837C4200A1AD71 /* spark.png */; };
		23B48A4F1C8CBED200A1AD71 /* waterbackground.png in Resources */ = {isa = PBXBuildFile; fileRef = 23B48A4E1C8CBED200A1AD71 /* waterbackground.png */; };
		23B48A511C95DAC000A1AD71 /* Rain-background.mp3 in Resources */ = {isa = PBXBuildFile; fileRef = 23B48A501C95DAC000A1AD71 /* Rain-background.mp3 */; };
		23B48A551C95EB4100A1AD71 /* Water-splash-sound-effect.mp3 in Resources */ = {isa = PBXBuildFile; fileRef = 23B48A541C95EB4100A1AD71 /* Water-splash-sound-effect.mp3 */; };
		23B48A5B1C9676CD00A1AD71 /* player.png in Resources */ = {isa = PBXBuildFile; fileRef = 23B48A5A1C9676CD00A1AD71 /* player.png */; };
		23B48A611C967A4C00A1AD71 /* walk 4 water (3).png in Resources */ = {isa = PBXBuildFile; fileRef = 23B48A601C967A4C00A1AD71 /* walk 4 water (3).png */; };
		FE96ABEF1C14D4C400257581 /* AppDelegate.swift in Sources */ = {isa = PBXBuildFile; fileRef = FE96ABEE1C14D4C400257581 /* AppDelegate.swift */; };
		FE96ABF11C14D4C400257581 /* GameScene.sks in Resources */ = {isa = PBXBuildFile; fileRef = FE96ABF01C14D4C400257581 /* GameScene.sks */; };
		FE96ABF31C14D4C400257581 /* GameScene.swift in Sources */ = {isa = PBXBuildFile; fileRef = FE96ABF21C14D4C400257581 /* GameScene.swift */; };
		FE96ABF51C14D4C400257581 /* GameViewController.swift in Sources */ = {isa = PBXBuildFile; fileRef = FE96ABF41C14D4C400257581 /* GameViewController.swift */; };
		FE96ABF81C14D4C400257581 /* Main.storyboard in Resources */ = {isa = PBXBuildFile; fileRef = FE96ABF61C14D4C400257581 /* Main.storyboard */; };
		FE96ABFA1C14D4C400257581 /* Assets.xcassets in Resources */ = {isa = PBXBuildFile; fileRef = FE96ABF91C14D4C400257581 /* Assets.xcassets */; };
		FE96ABFD1C14D4C400257581 /* LaunchScreen.storyboard in Resources */ = {isa = PBXBuildFile; fileRef = FE96ABFB1C14D4C400257581 /* LaunchScreen.storyboard */; };
		FE96AC081C14D4C500257581 /* Catch_the_DropTests.swift in Sources */ = {isa = PBXBuildFile; fileRef = FE96AC071C14D4C500257581 /* Catch_the_DropTests.swift */; };
		FE96AC131C14D4C500257581 /* Catch_the_DropUITests.swift in Sources */ = {isa = PBXBuildFile; fileRef = FE96AC121C14D4C500257581 /* Catch_the_DropUITests.swift */; };
/* End PBXBuildFile section */

/* Begin PBXContainerItemProxy section */
		FE96AC041C14D4C500257581 /* PBXContainerItemProxy */ = {
			isa = PBXContainerItemProxy;
			containerPortal = FE96ABE31C14D4C300257581 /* Project object */;
			proxyType = 1;
			remoteGlobalIDString = FE96ABEA1C14D4C300257581;
			remoteInfo = "Catch the Drop";
		};
		FE96AC0F1C14D4C500257581 /* PBXContainerItemProxy */ = {
			isa = PBXContainerItemProxy;
			containerPortal = FE96ABE31C14D4C300257581 /* Project object */;
			proxyType = 1;
			remoteGlobalIDString = FE96ABEA1C14D4C300257581;
			remoteInfo = "Catch the Drop";
		};
/* End PBXContainerItemProxy section */

/* Begin PBXFileReference section */
		2316DFD31DE4F0B9004CEF57 /* pause.jpe */ = {isa = PBXFileReference; lastKnownFileType = file; path = pause.jpe; sourceTree = "<group>"; };
		2316DFD41DE4F0B9004CEF57 /* play.png */ = {isa = PBXFileReference; lastKnownFileType = image.png; path = play.png; sourceTree = "<group>"; };
		2316DFD71DE61C5B004CEF57 /* cartoonsky1.png */ = {isa = PBXFileReference; lastKnownFileType = image.png; path = cartoonsky1.png; sourceTree = "<group>"; };
		2316DFD91DE76833004CEF57 /* x2-logo.png */ = {isa = PBXFileReference; lastKnownFileType = image.png; path = "x2-logo.png"; sourceTree = "<group>"; };
		2316DFDB1DE8B99F004CEF57 /* bomb.png */ = {isa = PBXFileReference; lastKnownFileType = image.png; path = bomb.png; sourceTree = "<group>"; };
		233FA8C61CE8DC1E00095FDA /* cartoon flower.png */ = {isa = PBXFileReference; lastKnownFileType = image.png; path = "cartoon flower.png"; sourceTree = "<group>"; };
		233FA8C81CE8DC2300095FDA /* player_play (1).png */ = {isa = PBXFileReference; lastKnownFileType = image.png; path = "player_play (1).png"; sourceTree = "<group>"; };
		233FA8CA1CE8E24E00095FDA /* GamePlayScene.swift */ = {isa = PBXFileReference; fileEncoding = 4; lastKnownFileType = sourcecode.swift; path = GamePlayScene.swift; sourceTree = "<group>"; };
		238C1DAC1C4C373800019101 /* wuterdrip.png */ = {isa = PBXFileReference; lastKnownFileType = image.png; name = wuterdrip.png; path = ../../../Desktop/wuterdrip.png; sourceTree = "<group>"; };
		23A1420C1C34594F000BDCC4 /* PERSON1.png */ = {isa = PBXFileReference; lastKnownFileType = image.png; name = PERSON1.png; path = ../../../Desktop/PERSON1.png; sourceTree = "<group>"; };
		23B48A3E1C83736E00A1AD71 /* EndScene.swift */ = {isa = PBXFileReference; fileEncoding = 4; lastKnownFileType = sourcecode.swift; name = EndScene.swift; path = ../EndScene.swift; sourceTree = "<group>"; };
		23B48A441C837C4200A1AD71 /* RainParticle.sks */ = {isa = PBXFileReference; lastKnownFileType = file.sks; path = RainParticle.sks; sourceTree = "<group>"; };
		23B48A451C837C4200A1AD71 /* spark.png */ = {isa = PBXFileReference; lastKnownFileType = image.png; path = spark.png; sourceTree = "<group>"; };
		23B48A4E1C8CBED200A1AD71 /* waterbackground.png */ = {isa = PBXFileReference; lastKnownFileType = image.png; path = waterbackground.png; sourceTree = "<group>"; };
		23B48A501C95DAC000A1AD71 /* Rain-background.mp3 */ = {isa = PBXFileReference; lastKnownFileType = audio.mp3; path = "Rain-background.mp3"; sourceTree = "<group>"; };
		23B48A541C95EB4100A1AD71 /* Water-splash-sound-effect.mp3 */ = {isa = PBXFileReference; lastKnownFileType = audio.mp3; path = "Water-splash-sound-effect.mp3"; sourceTree = "<group>"; };
		23B48A5A1C9676CD00A1AD71 /* player.png */ = {isa = PBXFileReference; lastKnownFileType = image.png; path = player.png; sourceTree = "<group>"; };
		23B48A601C967A4C00A1AD71 /* walk 4 water (3).png */ = {isa = PBXFileReference; lastKnownFileType = image.png; path = "walk 4 water (3).png"; sourceTree = "<group>"; };
		FE96ABEB1C14D4C400257581 /* Catch the Drop.app */ = {isa = PBXFileReference; explicitFileType = wrapper.application; includeInIndex = 0; path = "Catch the Drop.app"; sourceTree = BUILT_PRODUCTS_DIR; };
		FE96ABEE1C14D4C400257581 /* AppDelegate.swift */ = {isa = PBXFileReference; lastKnownFileType = sourcecode.swift; path = AppDelegate.swift; sourceTree = "<group>"; };
		FE96ABF01C14D4C400257581 /* GameScene.sks */ = {isa = PBXFileReference; lastKnownFileType = file.sks; path = GameScene.sks; sourceTree = "<group>"; };
		FE96ABF21C14D4C400257581 /* GameScene.swift */ = {isa = PBXFileReference; lastKnownFileType = sourcecode.swift; path = GameScene.swift; sourceTree = "<group>"; };
		FE96ABF41C14D4C400257581 /* GameViewController.swift */ = {isa = PBXFileReference; lastKnownFileType = sourcecode.swift; path = GameViewController.swift; sourceTree = "<group>"; };
		FE96ABF71C14D4C400257581 /* Base */ = {isa = PBXFileReference; lastKnownFileType = file.storyboard; name = Base; path = Base.lproj/Main.storyboard; sourceTree = "<group>"; };
		FE96ABF91C14D4C400257581 /* Assets.xcassets */ = {isa = PBXFileReference; lastKnownFileType = folder.assetcatalog; path = Assets.xcassets; sourceTree = "<group>"; };
		FE96ABFC1C14D4C400257581 /* Base */ = {isa = PBXFileReference; lastKnownFileType = file.storyboard; name = Base; path = Base.lproj/LaunchScreen.storyboard; sourceTree = "<group>"; };
		FE96ABFE1C14D4C500257581 /* Info.plist */ = {isa = PBXFileReference; lastKnownFileType = text.plist.xml; path = Info.plist; sourceTree = "<group>"; };
		FE96AC031C14D4C500257581 /* Catch the DropTests.xctest */ = {isa = PBXFileReference; explicitFileType = wrapper.cfbundle; includeInIndex = 0; path = "Catch the DropTests.xctest"; sourceTree = BUILT_PRODUCTS_DIR; };
		FE96AC071C14D4C500257581 /* Catch_the_DropTests.swift */ = {isa = PBXFileReference; lastKnownFileType = sourcecode.swift; path = Catch_the_DropTests.swift; sourceTree = "<group>"; };
		FE96AC091C14D4C500257581 /* Info.plist */ = {isa = PBXFileReference; lastKnownFileType = text.plist.xml; path = Info.plist; sourceTree = "<group>"; };
		FE96AC0E1C14D4C500257581 /* Catch the DropUITests.xctest */ = {isa = PBXFileReference; explicitFileType = wrapper.cfbundle; includeInIndex = 0; path = "Catch the DropUITests.xctest"; sourceTree = BUILT_PRODUCTS_DIR; };
		FE96AC121C14D4C500257581 /* Catch_the_DropUITests.swift */ = {isa = PBXFileReference; lastKnownFileType = sourcecode.swift; path = Catch_the_DropUITests.swift; sourceTree = "<group>"; };
		FE96AC141C14D4C500257581 /* Info.plist */ = {isa = PBXFileReference; lastKnownFileType = text.plist.xml; path = Info.plist; sourceTree = "<group>"; };
/* End PBXFileReference section */

/* Begin PBXFrameworksBuildPhase section */
		FE96ABE81C14D4C300257581 /* Frameworks */ = {
			isa = PBXFrameworksBuildPhase;
			buildActionMask = 2147483647;
			files = (
			);
			runOnlyForDeploymentPostprocessing = 0;
		};
		FE96AC001C14D4C500257581 /* Frameworks */ = {
			isa = PBXFrameworksBuildPhase;
			buildActionMask = 2147483647;
			files = (
			);
			runOnlyForDeploymentPostprocessing = 0;
		};
		FE96AC0B1C14D4C500257581 /* Frameworks */ = {
			isa = PBXFrameworksBuildPhase;
			buildActionMask = 2147483647;
			files = (
			);
			runOnlyForDeploymentPostprocessing = 0;
		};
/* End PBXFrameworksBuildPhase section */

/* Begin PBXGroup section */
		FE96ABE21C14D4C300257581 = {
			isa = PBXGroup;
			children = (
				FE96ABED1C14D4C400257581 /* Catch the Drop */,
				FE96AC061C14D4C500257581 /* Catch the DropTests */,
				FE96AC111C14D4C500257581 /* Catch the DropUITests */,
				FE96ABEC1C14D4C400257581 /* Products */,
			);
			sourceTree = "<group>";
		};
		FE96ABEC1C14D4C400257581 /* Products */ = {
			isa = PBXGroup;
			children = (
				FE96ABEB1C14D4C400257581 /* Catch the Drop.app */,
				FE96AC031C14D4C500257581 /* Catch the DropTests.xctest */,
				FE96AC0E1C14D4C500257581 /* Catch the DropUITests.xctest */,
			);
			name = Products;
			sourceTree = "<group>";
		};
		FE96ABED1C14D4C400257581 /* Catch the Drop */ = {
			isa = PBXGroup;
			children = (
				23B48A3E1C83736E00A1AD71 /* EndScene.swift */,
				FE96ABEE1C14D4C400257581 /* AppDelegate.swift */,
				23B48A441C837C4200A1AD71 /* RainParticle.sks */,
				23B48A451C837C4200A1AD71 /* spark.png */,
				FE96ABF01C14D4C400257581 /* GameScene.sks */,
				FE96ABF21C14D4C400257581 /* GameScene.swift */,
				233FA8CA1CE8E24E00095FDA /* GamePlayScene.swift */,
				FE96ABF41C14D4C400257581 /* GameViewController.swift */,
				FE96ABF61C14D4C400257581 /* Main.storyboard */,
				FE96ABF91C14D4C400257581 /* Assets.xcassets */,
				2316DFD31DE4F0B9004CEF57 /* pause.jpe */,
				2316DFD41DE4F0B9004CEF57 /* play.png */,
				23B48A601C967A4C00A1AD71 /* walk 4 water (3).png */,
				FE96ABFB1C14D4C400257581 /* LaunchScreen.storyboard */,
				2316DFDB1DE8B99F004CEF57 /* bomb.png */,
				233FA8C81CE8DC2300095FDA /* player_play (1).png */,
				2316DFD71DE61C5B004CEF57 /* cartoonsky1.png */,
				233FA8C61CE8DC1E00095FDA /* cartoon flower.png */,
				23B48A5A1C9676CD00A1AD71 /* player.png */,
				23B48A541C95EB4100A1AD71 /* Water-splash-sound-effect.mp3 */,
				23B48A501C95DAC000A1AD71 /* Rain-background.mp3 */,
				2316DFD91DE76833004CEF57 /* x2-logo.png */,
				FE96ABFE1C14D4C500257581 /* Info.plist */,
				23B48A4E1C8CBED200A1AD71 /* waterbackground.png */,
				238C1DAC1C4C373800019101 /* wuterdrip.png */,
				23A1420C1C34594F000BDCC4 /* PERSON1.png */,
			);
			path = "Catch the Drop";
			sourceTree = "<group>";
		};
		FE96AC061C14D4C500257581 /* Catch the DropTests */ = {
			isa = PBXGroup;
			children = (
				FE96AC071C14D4C500257581 /* Catch_the_DropTests.swift */,
				FE96AC091C14D4C500257581 /* Info.plist */,
			);
			path = "Catch the DropTests";
			sourceTree = "<group>";
		};
		FE96AC111C14D4C500257581 /* Catch the DropUITests */ = {
			isa = PBXGroup;
			children = (
				FE96AC121C14D4C500257581 /* Catch_the_DropUITests.swift */,
				FE96AC141C14D4C500257581 /* Info.plist */,
			);
			path = "Catch the DropUITests";
			sourceTree = "<group>";
		};
/* End PBXGroup section */

/* Begin PBXNativeTarget section */
		FE96ABEA1C14D4C300257581 /* Catch the Drop */ = {
			isa = PBXNativeTarget;
			buildConfigurationList = FE96AC171C14D4C500257581 /* Build configuration list for PBXNativeTarget "Catch the Drop" */;
			buildPhases = (
				FE96ABE71C14D4C300257581 /* Sources */,
				FE96ABE81C14D4C300257581 /* Frameworks */,
				FE96ABE91C14D4C300257581 /* Resources */,
			);
			buildRules = (
			);
			dependencies = (
			);
			name = "Catch the Drop";
			productName = "Catch the Drop";
			productReference = FE96ABEB1C14D4C400257581 /* Catch the Drop.app */;
			productType = "com.apple.product-type.application";
		};
		FE96AC021C14D4C500257581 /* Catch the DropTests */ = {
			isa = PBXNativeTarget;
			buildConfigurationList = FE96AC1A1C14D4C500257581 /* Build configuration list for PBXNativeTarget "Catch the DropTests" */;
			buildPhases = (
				FE96ABFF1C14D4C500257581 /* Sources */,
				FE96AC001C14D4C500257581 /* Frameworks */,
				FE96AC011C14D4C500257581 /* Resources */,
			);
			buildRules = (
			);
			dependencies = (
				FE96AC051C14D4C500257581 /* PBXTargetDependency */,
			);
			name = "Catch the DropTests";
			productName = "Catch the DropTests";
			productReference = FE96AC031C14D4C500257581 /* Catch the DropTests.xctest */;
			productType = "com.apple.product-type.bundle.unit-test";
		};
		FE96AC0D1C14D4C500257581 /* Catch the DropUITests */ = {
			isa = PBXNativeTarget;
			buildConfigurationList = FE96AC1D1C14D4C500257581 /* Build configuration list for PBXNativeTarget "Catch the DropUITests" */;
			buildPhases = (
				FE96AC0A1C14D4C500257581 /* Sources */,
				FE96AC0B1C14D4C500257581 /* Frameworks */,
				FE96AC0C1C14D4C500257581 /* Resources */,
			);
			buildRules = (
			);
			dependencies = (
				FE96AC101C14D4C500257581 /* PBXTargetDependency */,
			);
			name = "Catch the DropUITests";
			productName = "Catch the DropUITests";
			productReference = FE96AC0E1C14D4C500257581 /* Catch the DropUITests.xctest */;
			productType = "com.apple.product-type.bundle.ui-testing";
		};
/* End PBXNativeTarget section */

/* Begin PBXProject section */
		FE96ABE31C14D4C300257581 /* Project object */ = {
			isa = PBXProject;
			attributes = {
				LastSwiftUpdateCheck = 0710;
				LastUpgradeCheck = 0710;
				ORGANIZATIONNAME = "Project Concern International";
				TargetAttributes = {
					FE96ABEA1C14D4C300257581 = {
						CreatedOnToolsVersion = 7.1.1;
					};
					FE96AC021C14D4C500257581 = {
						CreatedOnToolsVersion = 7.1.1;
						TestTargetID = FE96ABEA1C14D4C300257581;
					};
					FE96AC0D1C14D4C500257581 = {
						CreatedOnToolsVersion = 7.1.1;
						TestTargetID = FE96ABEA1C14D4C300257581;
					};
				};
			};
			buildConfigurationList = FE96ABE61C14D4C300257581 /* Build configuration list for PBXProject "Catch the Drop" */;
			compatibilityVersion = "Xcode 3.2";
			developmentRegion = English;
			hasScannedForEncodings = 0;
			knownRegions = (
				en,
				Base,
			);
			mainGroup = FE96ABE21C14D4C300257581;
			productRefGroup = FE96ABEC1C14D4C400257581 /* Products */;
			projectDirPath = "";
			projectRoot = "";
			targets = (
				FE96ABEA1C14D4C300257581 /* Catch the Drop */,
				FE96AC021C14D4C500257581 /* Catch the DropTests */,
				FE96AC0D1C14D4C500257581 /* Catch the DropUITests */,
			);
		};
/* End PBXProject section */

/* Begin PBXResourcesBuildPhase section */
		FE96ABE91C14D4C300257581 /* Resources */ = {
			isa = PBXResourcesBuildPhase;
			buildActionMask = 2147483647;
			files = (
				23B48A5B1C9676CD00A1AD71 /* player.png in Resources */,
				2316DFD61DE4F0B9004CEF57 /* play.png in Resources */,
				2316DFD81DE61C5B004CEF57 /* cartoonsky1.png in Resources */,
				238C1DAD1C4C373800019101 /* wuterdrip.png in Resources */,
				23B48A611C967A4C00A1AD71 /* walk 4 water (3).png in Resources */,
				FE96ABF11C14D4C400257581 /* GameScene.sks in Resources */,
				2316DFD51DE4F0B9004CEF57 /* pause.jpe in Resources */,
				23B48A511C95DAC000A1AD71 /* Rain-background.mp3 in Resources */,
				23A1420E1C34594F000BDCC4 /* PERSON1.png in Resources */,
				23B48A4F1C8CBED200A1AD71 /* waterbackground.png in Resources */,
				FE96ABFD1C14D4C400257581 /* LaunchScreen.storyboard in Resources */,
				2316DFDC1DE8B99F004CEF57 /* bomb.png in Resources */,
				2316DFDA1DE76833004CEF57 /* x2-logo.png in Resources */,
				FE96ABFA1C14D4C400257581 /* Assets.xcassets in Resources */,
				233FA8C91CE8DC2300095FDA /* player_play (1).png in Resources */,
				23B48A551C95EB4100A1AD71 /* Water-splash-sound-effect.mp3 in Resources */,
				233FA8C71CE8DC1E00095FDA /* cartoon flower.png in Resources */,
				23B48A471C837C4200A1AD71 /* spark.png in Resources */,
				23B48A461C837C4200A1AD71 /* RainParticle.sks in Resources */,
				FE96ABF81C14D4C400257581 /* Main.storyboard in Resources */,
			);
			runOnlyForDeploymentPostprocessing = 0;
		};
		FE96AC011C14D4C500257581 /* Resources */ = {
			isa = PBXResourcesBuildPhase;
			buildActionMask = 2147483647;
			files = (
			);
			runOnlyForDeploymentPostprocessing = 0;
		};
		FE96AC0C1C14D4C500257581 /* Resources */ = {
			isa = PBXResourcesBuildPhase;
			buildActionMask = 2147483647;
			files = (
			);
			runOnlyForDeploymentPostprocessing = 0;
		};
/* End PBXResourcesBuildPhase section */

/* Begin PBXSourcesBuildPhase section */
		FE96ABE71C14D4C300257581 /* Sources */ = {
			isa = PBXSourcesBuildPhase;
			buildActionMask = 2147483647;
			files = (
				FE96ABF31C14D4C400257581 /* GameScene.swift in Sources */,
				233FA8CB1CE8E24E00095FDA /* GamePlayScene.swift in Sources */,
				FE96ABF51C14D4C400257581 /* GameViewController.swift in Sources */,
				23B48A3F1C83736E00A1AD71 /* EndScene.swift in Sources */,
				FE96ABEF1C14D4C400257581 /* AppDelegate.swift in Sources */,
			);
			runOnlyForDeploymentPostprocessing = 0;
		};
		FE96ABFF1C14D4C500257581 /* Sources */ = {
			isa = PBXSourcesBuildPhase;
			buildActionMask = 2147483647;
			files = (
				FE96AC081C14D4C500257581 /* Catch_the_DropTests.swift in Sources */,
			);
			runOnlyForDeploymentPostprocessing = 0;
		};
		FE96AC0A1C14D4C500257581 /* Sources */ = {
			isa = PBXSourcesBuildPhase;
			buildActionMask = 2147483647;
			files = (
				FE96AC131C14D4C500257581 /* Catch_the_DropUITests.swift in Sources */,
			);
			runOnlyForDeploymentPostprocessing = 0;
		};
/* End PBXSourcesBuildPhase section */

/* Begin PBXTargetDependency section */
		FE96AC051C14D4C500257581 /* PBXTargetDependency */ = {
			isa = PBXTargetDependency;
			target = FE96ABEA1C14D4C300257581 /* Catch the Drop */;
			targetProxy = FE96AC041C14D4C500257581 /* PBXContainerItemProxy */;
		};
		FE96AC101C14D4C500257581 /* PBXTargetDependency */ = {
			isa = PBXTargetDependency;
			target = FE96ABEA1C14D4C300257581 /* Catch the Drop */;
			targetProxy = FE96AC0F1C14D4C500257581 /* PBXContainerItemProxy */;
		};
/* End PBXTargetDependency section */

/* Begin PBXVariantGroup section */
		FE96ABF61C14D4C400257581 /* Main.storyboard */ = {
			isa = PBXVariantGroup;
			children = (
				FE96ABF71C14D4C400257581 /* Base */,
			);
			name = Main.storyboard;
			sourceTree = "<group>";
		};
		FE96ABFB1C14D4C400257581 /* LaunchScreen.storyboard */ = {
			isa = PBXVariantGroup;
			children = (
				FE96ABFC1C14D4C400257581 /* Base */,
			);
			name = LaunchScreen.storyboard;
			sourceTree = "<group>";
		};
/* End PBXVariantGroup section */

/* Begin XCBuildConfiguration section */
		FE96AC151C14D4C500257581 /* Debug */ = {
			isa = XCBuildConfiguration;
			buildSettings = {
				ALWAYS_SEARCH_USER_PATHS = NO;
				CLANG_CXX_LANGUAGE_STANDARD = "gnu++0x";
				CLANG_CXX_LIBRARY = "libc++";
				CLANG_ENABLE_MODULES = YES;
				CLANG_ENABLE_OBJC_ARC = YES;
				CLANG_WARN_BOOL_CONVERSION = YES;
				CLANG_WARN_CONSTANT_CONVERSION = YES;
				CLANG_WARN_DIRECT_OBJC_ISA_USAGE = YES_ERROR;
				CLANG_WARN_EMPTY_BODY = YES;
				CLANG_WARN_ENUM_CONVERSION = YES;
				CLANG_WARN_INT_CONVERSION = YES;
				CLANG_WARN_OBJC_ROOT_CLASS = YES_ERROR;
				CLANG_WARN_UNREACHABLE_CODE = YES;
				CLANG_WARN__DUPLICATE_METHOD_MATCH = YES;
				"CODE_SIGN_IDENTITY[sdk=iphoneos*]" = "iPhone Developer";
				COPY_PHASE_STRIP = NO;
				DEBUG_INFORMATION_FORMAT = "dwarf-with-dsym";
				ENABLE_STRICT_OBJC_MSGSEND = YES;
				ENABLE_TESTABILITY = YES;
				GCC_C_LANGUAGE_STANDARD = gnu99;
				GCC_DYNAMIC_NO_PIC = NO;
				GCC_NO_COMMON_BLOCKS = YES;
				GCC_OPTIMIZATION_LEVEL = 0;
				GCC_PREPROCESSOR_DEFINITIONS = (
					"DEBUG=1",
					"$(inherited)",
				);
				GCC_WARN_64_TO_32_BIT_CONVERSION = YES;
				GCC_WARN_ABOUT_RETURN_TYPE = YES_ERROR;
				GCC_WARN_UNDECLARED_SELECTOR = YES;
				GCC_WARN_UNINITIALIZED_AUTOS = YES_AGGRESSIVE;
				GCC_WARN_UNUSED_FUNCTION = YES;
				GCC_WARN_UNUSED_VARIABLE = YES;
				IPHONEOS_DEPLOYMENT_TARGET = 9.1;
				MTL_ENABLE_DEBUG_INFO = YES;
				ONLY_ACTIVE_ARCH = YES;
				SDKROOT = iphoneos;
				SWIFT_OPTIMIZATION_LEVEL = "-Onone";
			};
			name = Debug;
		};
		FE96AC161C14D4C500257581 /* Release */ = {
			isa = XCBuildConfiguration;
			buildSettings = {
				ALWAYS_SEARCH_USER_PATHS = NO;
				CLANG_CXX_LANGUAGE_STANDARD = "gnu++0x";
				CLANG_CXX_LIBRARY = "libc++";
				CLANG_ENABLE_MODULES = YES;
				CLANG_ENABLE_OBJC_ARC = YES;
				CLANG_WARN_BOOL_CONVERSION = YES;
				CLANG_WARN_CONSTANT_CONVERSION = YES;
				CLANG_WARN_DIRECT_OBJC_ISA_USAGE = YES_ERROR;
				CLANG_WARN_EMPTY_BODY = YES;
				CLANG_WARN_ENUM_CONVERSION = YES;
				CLANG_WARN_INT_CONVERSION = YES;
				CLANG_WARN_OBJC_ROOT_CLASS = YES_ERROR;
				CLANG_WARN_UNREACHABLE_CODE = YES;
				CLANG_WARN__DUPLICATE_METHOD_MATCH = YES;
				"CODE_SIGN_IDENTITY[sdk=iphoneos*]" = "iPhone Developer";
				COPY_PHASE_STRIP = NO;
				DEBUG_INFORMATION_FORMAT = "dwarf-with-dsym";
				ENABLE_NS_ASSERTIONS = NO;
				ENABLE_STRICT_OBJC_MSGSEND = YES;
				GCC_C_LANGUAGE_STANDARD = gnu99;
				GCC_NO_COMMON_BLOCKS = YES;
				GCC_WARN_64_TO_32_BIT_CONVERSION = YES;
				GCC_WARN_ABOUT_RETURN_TYPE = YES_ERROR;
				GCC_WARN_UNDECLARED_SELECTOR = YES;
				GCC_WARN_UNINITIALIZED_AUTOS = YES_AGGRESSIVE;
				GCC_WARN_UNUSED_FUNCTION = YES;
				GCC_WARN_UNUSED_VARIABLE = YES;
				IPHONEOS_DEPLOYMENT_TARGET = 9.1;
				MTL_ENABLE_DEBUG_INFO = NO;
				SDKROOT = iphoneos;
				VALIDATE_PRODUCT = YES;
			};
			name = Release;
		};
		FE96AC181C14D4C500257581 /* Debug */ = {
			isa = XCBuildConfiguration;
			buildSettings = {
				ASSETCATALOG_COMPILER_APPICON_NAME = AppIcon;
				INFOPLIST_FILE = "Catch the Drop/Info.plist";
				LD_RUNPATH_SEARCH_PATHS = "$(inherited) @executable_path/Frameworks";
				PRODUCT_BUNDLE_IDENTIFIER = "com.projectconcerninternational.Catch-the-Drop";
				PRODUCT_NAME = "$(TARGET_NAME)";
			};
			name = Debug;
		};
		FE96AC191C14D4C500257581 /* Release */ = {
			isa = XCBuildConfiguration;
			buildSettings = {
				ASSETCATALOG_COMPILER_APPICON_NAME = AppIcon;
				INFOPLIST_FILE = "Catch the Drop/Info.plist";
				LD_RUNPATH_SEARCH_PATHS = "$(inherited) @executable_path/Frameworks";
				PRODUCT_BUNDLE_IDENTIFIER = "com.projectconcerninternational.Catch-the-Drop";
				PRODUCT_NAME = "$(TARGET_NAME)";
			};
			name = Release;
		};
		FE96AC1B1C14D4C500257581 /* Debug */ = {
			isa = XCBuildConfiguration;
			buildSettings = {
				BUNDLE_LOADER = "$(TEST_HOST)";
				DEBUG_INFORMATION_FORMAT = dwarf;
				INFOPLIST_FILE = "Catch the DropTests/Info.plist";
				LD_RUNPATH_SEARCH_PATHS = "$(inherited) @executable_path/Frameworks @loader_path/Frameworks";
				PRODUCT_BUNDLE_IDENTIFIER = "com.projectconcerninternational.Catch-the-DropTests";
				PRODUCT_NAME = "$(TARGET_NAME)";
				TEST_HOST = "$(BUILT_PRODUCTS_DIR)/Catch the Drop.app/Catch the Drop";
			};
			name = Debug;
		};
		FE96AC1C1C14D4C500257581 /* Release */ = {
			isa = XCBuildConfiguration;
			buildSettings = {
				BUNDLE_LOADER = "$(TEST_HOST)";
				INFOPLIST_FILE = "Catch the DropTests/Info.plist";
				LD_RUNPATH_SEARCH_PATHS = "$(inherited) @executable_path/Frameworks @loader_path/Frameworks";
				PRODUCT_BUNDLE_IDENTIFIER = "com.projectconcerninternational.Catch-the-DropTests";
				PRODUCT_NAME = "$(TARGET_NAME)";
				TEST_HOST = "$(BUILT_PRODUCTS_DIR)/Catch the Drop.app/Catch the Drop";
			};
			name = Release;
		};
		FE96AC1E1C14D4C500257581 /* Debug */ = {
			isa = XCBuildConfiguration;
			buildSettings = {
				DEBUG_INFORMATION_FORMAT = dwarf;
				INFOPLIST_FILE = "Catch the DropUITests/Info.plist";
				LD_RUNPATH_SEARCH_PATHS = "$(inherited) @executable_path/Frameworks @loader_path/Frameworks";
				PRODUCT_BUNDLE_IDENTIFIER = "com.projectconcerninternational.Catch-the-DropUITests";
				PRODUCT_NAME = "$(TARGET_NAME)";
				TEST_TARGET_NAME = "Catch the Drop";
				USES_XCTRUNNER = YES;
			};
			name = Debug;
		};
		FE96AC1F1C14D4C500257581 /* Release */ = {
			isa = XCBuildConfiguration;
			buildSettings = {
				INFOPLIST_FILE = "Catch the DropUITests/Info.plist";
				LD_RUNPATH_SEARCH_PATHS = "$(inherited) @executable_path/Frameworks @loader_path/Frameworks";
				PRODUCT_BUNDLE_IDENTIFIER = "com.projectconcerninternational.Catch-the-DropUITests";
				PRODUCT_NAME = "$(TARGET_NAME)";
				TEST_TARGET_NAME = "Catch the Drop";
				USES_XCTRUNNER = YES;
			};
			name = Release;
		};
/* End XCBuildConfiguration section */

/* Begin XCConfigurationList section */
		FE96ABE61C14D4C300257581 /* Build configuration list for PBXProject "Catch the Drop" */ = {
			isa = XCConfigurationList;
			buildConfigurations = (
				FE96AC151C14D4C500257581 /* Debug */,
				FE96AC161C14D4C500257581 /* Release */,
			);
			defaultConfigurationIsVisible = 0;
			defaultConfigurationName = Release;
		};
		FE96AC171C14D4C500257581 /* Build configuration list for PBXNativeTarget "Catch the Drop" */ = {
			isa = XCConfigurationList;
			buildConfigurations = (
				FE96AC181C14D4C500257581 /* Debug */,
				FE96AC191C14D4C500257581 /* Release */,
			);
			defaultConfigurationIsVisible = 0;
			defaultConfigurationName = Release;
		};
		FE96AC1A1C14D4C500257581 /* Build configuration list for PBXNativeTarget "Catch the DropTests" */ = {
			isa = XCConfigurationList;
			buildConfigurations = (
				FE96AC1B1C14D4C500257581 /* Debug */,
				FE96AC1C1C14D4C500257581 /* Release */,
			);
			defaultConfigurationIsVisible = 0;
			defaultConfigurationName = Release;
		};
		FE96AC1D1C14D4C500257581 /* Build configuration list for PBXNativeTarget "Catch the DropUITests" */ = {
			isa = XCConfigurationList;
			buildConfigurations = (
				FE96AC1E1C14D4C500257581 /* Debug */,
				FE96AC1F1C14D4C500257581 /* Release */,
			);
			defaultConfigurationIsVisible = 0;
			defaultConfigurationName = Release;
		};
/* End XCConfigurationList section */
	};
	rootObject = FE96ABE31C14D4C300257581 /* Project object */;
}
